// !$*UTF8*$!
{
	archiveVersion = 1;
	classes = {
	};
	objectVersion = 50;
	objects = {

/* Begin PBXBuildFile section */
		A33A395A0570090B19316375 /* Pods_Cristoforo_Colombo.framework in Frameworks */ = {isa = PBXBuildFile; fileRef = 012474B05E72469734C4B221 /* Pods_Cristoforo_Colombo.framework */; };
		C89033CF20B6F02B0089DDD2 /* AppDelegate.swift in Sources */ = {isa = PBXBuildFile; fileRef = C89033CE20B6F02B0089DDD2 /* AppDelegate.swift */; };
		C89033D120B6F02B0089DDD2 /* FirstViewController.swift in Sources */ = {isa = PBXBuildFile; fileRef = C89033D020B6F02B0089DDD2 /* FirstViewController.swift */; };
		C89033D320B6F02B0089DDD2 /* SecondViewController.swift in Sources */ = {isa = PBXBuildFile; fileRef = C89033D220B6F02B0089DDD2 /* SecondViewController.swift */; };
		C89033D620B6F02B0089DDD2 /* Main.storyboard in Resources */ = {isa = PBXBuildFile; fileRef = C89033D420B6F02B0089DDD2 /* Main.storyboard */; };
		C89033DB20B6F0310089DDD2 /* LaunchScreen.storyboard in Resources */ = {isa = PBXBuildFile; fileRef = C89033D920B6F0310089DDD2 /* LaunchScreen.storyboard */; };
		C89033E320B9EFA10089DDD2 /* earth_texture_map.jpg in Resources */ = {isa = PBXBuildFile; fileRef = C89033E220B9EFA10089DDD2 /* earth_texture_map.jpg */; };
		C89033E520B9F50E0089DDD2 /* Extensions.swift in Sources */ = {isa = PBXBuildFile; fileRef = C89033E420B9F50E0089DDD2 /* Extensions.swift */; };
		EBA18B5D20C037CF004BEB95 /* ThirdViewController.swift in Sources */ = {isa = PBXBuildFile; fileRef = EBA18B5C20C037CF004BEB95 /* ThirdViewController.swift */; };
		EBA18B9220C6C1CB004BEB95 /* cities.json in Resources */ = {isa = PBXBuildFile; fileRef = EBA18B9120C6C1CA004BEB95 /* cities.json */; };
		EBA18BAB20C81652004BEB95 /* MapPinView.swift in Sources */ = {isa = PBXBuildFile; fileRef = EBA18BAA20C81652004BEB95 /* MapPinView.swift */; };
		EBA18BB520C982D3004BEB95 /* Assets.xcassets in Resources */ = {isa = PBXBuildFile; fileRef = EBA18BB420C982D2004BEB95 /* Assets.xcassets */; };
		EBA18BB720C9855C004BEB95 /* QuestionBank.swift in Sources */ = {isa = PBXBuildFile; fileRef = EBA18BB620C9855C004BEB95 /* QuestionBank.swift */; };
		EBA18BB920C985E0004BEB95 /* Question.swift in Sources */ = {isa = PBXBuildFile; fileRef = EBA18BB820C985DF004BEB95 /* Question.swift */; };
		EBA18BBB20C99F73004BEB95 /* UIImage+Gif.swift in Sources */ = {isa = PBXBuildFile; fileRef = EBA18BBA20C99F71004BEB95 /* UIImage+Gif.swift */; };
		EBA18BC020C9D95F004BEB95 /* VideoController.swift in Sources */ = {isa = PBXBuildFile; fileRef = EBA18BBF20C9D95E004BEB95 /* VideoController.swift */; };
		EBB1558120C9DC4900514B81 /* scannerizza-lo-spazio.gif in Resources */ = {isa = PBXBuildFile; fileRef = EBB1558020C9DC4800514B81 /* scannerizza-lo-spazio.gif */; };
		EBB1558E20C9E83900514B81 /* VideoLapi.mov in Resources */ = {isa = PBXBuildFile; fileRef = EBB1558D20C9E83900514B81 /* VideoLapi.mov */; };
/* End PBXBuildFile section */

/* Begin PBXFileReference section */
		012474B05E72469734C4B221 /* Pods_Cristoforo_Colombo.framework */ = {isa = PBXFileReference; explicitFileType = wrapper.framework; includeInIndex = 0; path = Pods_Cristoforo_Colombo.framework; sourceTree = BUILT_PRODUCTS_DIR; };
		799C6DA578463DDE23CDDB11 /* Pods-Cristoforo Colombo.release.xcconfig */ = {isa = PBXFileReference; includeInIndex = 1; lastKnownFileType = text.xcconfig; name = "Pods-Cristoforo Colombo.release.xcconfig"; path = "Pods/Target Support Files/Pods-Cristoforo Colombo/Pods-Cristoforo Colombo.release.xcconfig"; sourceTree = "<group>"; };
		C89033CB20B6F02A0089DDD2 /* Cristoforo Colombo.app */ = {isa = PBXFileReference; explicitFileType = wrapper.application; includeInIndex = 0; path = "Cristoforo Colombo.app"; sourceTree = BUILT_PRODUCTS_DIR; };
		C89033CE20B6F02B0089DDD2 /* AppDelegate.swift */ = {isa = PBXFileReference; lastKnownFileType = sourcecode.swift; path = AppDelegate.swift; sourceTree = "<group>"; };
		C89033D020B6F02B0089DDD2 /* FirstViewController.swift */ = {isa = PBXFileReference; lastKnownFileType = sourcecode.swift; path = FirstViewController.swift; sourceTree = "<group>"; };
		C89033D220B6F02B0089DDD2 /* SecondViewController.swift */ = {isa = PBXFileReference; lastKnownFileType = sourcecode.swift; path = SecondViewController.swift; sourceTree = "<group>"; };
		C89033D520B6F02B0089DDD2 /* Base */ = {isa = PBXFileReference; lastKnownFileType = file.storyboard; name = Base; path = Base.lproj/Main.storyboard; sourceTree = "<group>"; };
		C89033DA20B6F0310089DDD2 /* Base */ = {isa = PBXFileReference; lastKnownFileType = file.storyboard; name = Base; path = Base.lproj/LaunchScreen.storyboard; sourceTree = "<group>"; };
		C89033DC20B6F0310089DDD2 /* Info.plist */ = {isa = PBXFileReference; lastKnownFileType = text.plist.xml; path = Info.plist; sourceTree = "<group>"; };
		C89033E220B9EFA10089DDD2 /* earth_texture_map.jpg */ = {isa = PBXFileReference; lastKnownFileType = image.jpeg; path = earth_texture_map.jpg; sourceTree = "<group>"; };
		C89033E420B9F50E0089DDD2 /* Extensions.swift */ = {isa = PBXFileReference; lastKnownFileType = sourcecode.swift; path = Extensions.swift; sourceTree = "<group>"; };
		D62689CAB0B240B9B5975E71 /* Pods-Cristoforo Colombo.debug.xcconfig */ = {isa = PBXFileReference; includeInIndex = 1; lastKnownFileType = text.xcconfig; name = "Pods-Cristoforo Colombo.debug.xcconfig"; path = "Pods/Target Support Files/Pods-Cristoforo Colombo/Pods-Cristoforo Colombo.debug.xcconfig"; sourceTree = "<group>"; };
		EBA18B5C20C037CF004BEB95 /* ThirdViewController.swift */ = {isa = PBXFileReference; lastKnownFileType = sourcecode.swift; path = ThirdViewController.swift; sourceTree = "<group>"; };
		EBA18B9120C6C1CA004BEB95 /* cities.json */ = {isa = PBXFileReference; fileEncoding = 4; lastKnownFileType = text.json; name = cities.json; path = ../../../../../Downloads/cities.json; sourceTree = "<group>"; };
		EBA18BAA20C81652004BEB95 /* MapPinView.swift */ = {isa = PBXFileReference; lastKnownFileType = sourcecode.swift; path = MapPinView.swift; sourceTree = "<group>"; };
		EBA18BB420C982D2004BEB95 /* Assets.xcassets */ = {isa = PBXFileReference; lastKnownFileType = folder.assetcatalog; name = Assets.xcassets; path = "../../../../../Downloads/Repo-Cristoforo-Colombo-master/Cristoforo Colombo/Cristoforo Colombo/Assets.xcassets"; sourceTree = "<group>"; };
		EBA18BB620C9855C004BEB95 /* QuestionBank.swift */ = {isa = PBXFileReference; lastKnownFileType = sourcecode.swift; path = QuestionBank.swift; sourceTree = "<group>"; };
		EBA18BB820C985DF004BEB95 /* Question.swift */ = {isa = PBXFileReference; lastKnownFileType = sourcecode.swift; path = Question.swift; sourceTree = "<group>"; };
		EBA18BBA20C99F71004BEB95 /* UIImage+Gif.swift */ = {isa = PBXFileReference; fileEncoding = 4; lastKnownFileType = sourcecode.swift; name = "UIImage+Gif.swift"; path = "../../../../../Downloads/Swift-4-Xcode-9---How-To-Display-GIF-in-UIImage-with-One-Line-Of-Code-in-iOS-Latest-2017-Hindi.-master/UIImage+Gif.swift"; sourceTree = "<group>"; };
		EBA18BBF20C9D95E004BEB95 /* VideoController.swift */ = {isa = PBXFileReference; lastKnownFileType = sourcecode.swift; path = VideoController.swift; sourceTree = "<group>"; };
		EBB1558020C9DC4800514B81 /* scannerizza-lo-spazio.gif */ = {isa = PBXFileReference; lastKnownFileType = image.gif; name = "scannerizza-lo-spazio.gif"; path = "../../../../../../../Volumes/NO NAME/scannerizza-lo-spazio.gif"; sourceTree = "<group>"; };
		EBB1558D20C9E83900514B81 /* VideoLapi.mov */ = {isa = PBXFileReference; lastKnownFileType = video.quicktime; name = VideoLapi.mov; path = ../../../../../Desktop/VideoLapi.mov; sourceTree = "<group>"; };
/* End PBXFileReference section */

/* Begin PBXFrameworksBuildPhase section */
		C89033C820B6F02A0089DDD2 /* Frameworks */ = {
			isa = PBXFrameworksBuildPhase;
			buildActionMask = 2147483647;
			files = (
				A33A395A0570090B19316375 /* Pods_Cristoforo_Colombo.framework in Frameworks */,
			);
			runOnlyForDeploymentPostprocessing = 0;
		};
/* End PBXFrameworksBuildPhase section */

/* Begin PBXGroup section */
		AD807C57C26139B02566F811 /* Frameworks */ = {
			isa = PBXGroup;
			children = (
				012474B05E72469734C4B221 /* Pods_Cristoforo_Colombo.framework */,
			);
			name = Frameworks;
			sourceTree = "<group>";
		};
		C89033C220B6F02A0089DDD2 = {
			isa = PBXGroup;
			children = (
				C89033CD20B6F02A0089DDD2 /* Cristoforo Colombo */,
				C89033CC20B6F02A0089DDD2 /* Products */,
				E4D1EEF72E7D0B22CB5783EB /* Pods */,
				AD807C57C26139B02566F811 /* Frameworks */,
			);
			sourceTree = "<group>";
		};
		C89033CC20B6F02A0089DDD2 /* Products */ = {
			isa = PBXGroup;
			children = (
				C89033CB20B6F02A0089DDD2 /* Cristoforo Colombo.app */,
			);
			name = Products;
			sourceTree = "<group>";
		};
		C89033CD20B6F02A0089DDD2 /* Cristoforo Colombo */ = {
			isa = PBXGroup;
			children = (
				C89033CE20B6F02B0089DDD2 /* AppDelegate.swift */,
				C89033D420B6F02B0089DDD2 /* Main.storyboard */,
				C89033D920B6F0310089DDD2 /* LaunchScreen.storyboard */,
				C89033D020B6F02B0089DDD2 /* FirstViewController.swift */,
				C89033D220B6F02B0089DDD2 /* SecondViewController.swift */,
				EBA18B5C20C037CF004BEB95 /* ThirdViewController.swift */,
				C89033E420B9F50E0089DDD2 /* Extensions.swift */,
				EBA18BAA20C81652004BEB95 /* MapPinView.swift */,
				EBA18BBA20C99F71004BEB95 /* UIImage+Gif.swift */,
				EBA18BB420C982D2004BEB95 /* Assets.xcassets */,
				C89033DC20B6F0310089DDD2 /* Info.plist */,
				EBB1558020C9DC4800514B81 /* scannerizza-lo-spazio.gif */,
				EBA18B9120C6C1CA004BEB95 /* cities.json */,
				C89033E220B9EFA10089DDD2 /* earth_texture_map.jpg */,
				EBA18BB620C9855C004BEB95 /* QuestionBank.swift */,
				EBA18BB820C985DF004BEB95 /* Question.swift */,
				EBA18BBF20C9D95E004BEB95 /* VideoController.swift */,
				EBB1558D20C9E83900514B81 /* VideoLapi.mov */,
			);
			path = "Cristoforo Colombo";
			sourceTree = "<group>";
		};
		E4D1EEF72E7D0B22CB5783EB /* Pods */ = {
			isa = PBXGroup;
			children = (
				D62689CAB0B240B9B5975E71 /* Pods-Cristoforo Colombo.debug.xcconfig */,
				799C6DA578463DDE23CDDB11 /* Pods-Cristoforo Colombo.release.xcconfig */,
			);
			name = Pods;
			sourceTree = "<group>";
		};
/* End PBXGroup section */

/* Begin PBXNativeTarget section */
		C89033CA20B6F02A0089DDD2 /* Cristoforo Colombo */ = {
			isa = PBXNativeTarget;
			buildConfigurationList = C89033DF20B6F0310089DDD2 /* Build configuration list for PBXNativeTarget "Cristoforo Colombo" */;
			buildPhases = (
				CB2FE80779EDB6013878137F /* [CP] Check Pods Manifest.lock */,
				C89033C720B6F02A0089DDD2 /* Sources */,
				C89033C820B6F02A0089DDD2 /* Frameworks */,
				C89033C920B6F02A0089DDD2 /* Resources */,
				3CAF96D42A28BE49CAFE6729 /* [CP] Embed Pods Frameworks */,
			);
			buildRules = (
			);
			dependencies = (
			);
			name = "Cristoforo Colombo";
			productName = "Cristoforo Colombo";
			productReference = C89033CB20B6F02A0089DDD2 /* Cristoforo Colombo.app */;
			productType = "com.apple.product-type.application";
		};
/* End PBXNativeTarget section */

/* Begin PBXProject section */
		C89033C320B6F02A0089DDD2 /* Project object */ = {
			isa = PBXProject;
			attributes = {
				LastSwiftUpdateCheck = 0930;
				LastUpgradeCheck = 0930;
				ORGANIZATIONNAME = "Edoardo de Cal";
				TargetAttributes = {
					C89033CA20B6F02A0089DDD2 = {
						CreatedOnToolsVersion = 9.3;
						LastSwiftMigration = 0940;
					};
				};
			};
			buildConfigurationList = C89033C620B6F02A0089DDD2 /* Build configuration list for PBXProject "Cristoforo Colombo" */;
			compatibilityVersion = "Xcode 9.3";
			developmentRegion = en;
			hasScannedForEncodings = 0;
			knownRegions = (
				en,
				Base,
			);
			mainGroup = C89033C220B6F02A0089DDD2;
			productRefGroup = C89033CC20B6F02A0089DDD2 /* Products */;
			projectDirPath = "";
			projectRoot = "";
			targets = (
				C89033CA20B6F02A0089DDD2 /* Cristoforo Colombo */,
			);
		};
/* End PBXProject section */

/* Begin PBXResourcesBuildPhase section */
		C89033C920B6F02A0089DDD2 /* Resources */ = {
			isa = PBXResourcesBuildPhase;
			buildActionMask = 2147483647;
			files = (
				EBA18B9220C6C1CB004BEB95 /* cities.json in Resources */,
				C89033DB20B6F0310089DDD2 /* LaunchScreen.storyboard in Resources */,
				C89033E320B9EFA10089DDD2 /* earth_texture_map.jpg in Resources */,
				EBB1558E20C9E83900514B81 /* VideoLapi.mov in Resources */,
				C89033D620B6F02B0089DDD2 /* Main.storyboard in Resources */,
				EBB1558120C9DC4900514B81 /* scannerizza-lo-spazio.gif in Resources */,
				EBA18BB520C982D3004BEB95 /* Assets.xcassets in Resources */,
			);
			runOnlyForDeploymentPostprocessing = 0;
		};
/* End PBXResourcesBuildPhase section */

/* Begin PBXShellScriptBuildPhase section */
		3CAF96D42A28BE49CAFE6729 /* [CP] Embed Pods Frameworks */ = {
			isa = PBXShellScriptBuildPhase;
			buildActionMask = 2147483647;
			files = (
			);
			inputPaths = (
				"${SRCROOT}/Pods/Target Support Files/Pods-Cristoforo Colombo/Pods-Cristoforo Colombo-frameworks.sh",
				"${BUILT_PRODUCTS_DIR}/SAConfettiView/SAConfettiView.framework",
			);
			name = "[CP] Embed Pods Frameworks";
			outputPaths = (
				"${TARGET_BUILD_DIR}/${FRAMEWORKS_FOLDER_PATH}/SAConfettiView.framework",
			);
			runOnlyForDeploymentPostprocessing = 0;
			shellPath = /bin/sh;
			shellScript = "\"${SRCROOT}/Pods/Target Support Files/Pods-Cristoforo Colombo/Pods-Cristoforo Colombo-frameworks.sh\"\n";
			showEnvVarsInLog = 0;
		};
		CB2FE80779EDB6013878137F /* [CP] Check Pods Manifest.lock */ = {
			isa = PBXShellScriptBuildPhase;
			buildActionMask = 2147483647;
			files = (
			);
			inputPaths = (
				"${PODS_PODFILE_DIR_PATH}/Podfile.lock",
				"${PODS_ROOT}/Manifest.lock",
			);
			name = "[CP] Check Pods Manifest.lock";
			outputPaths = (
				"$(DERIVED_FILE_DIR)/Pods-Cristoforo Colombo-checkManifestLockResult.txt",
			);
			runOnlyForDeploymentPostprocessing = 0;
			shellPath = /bin/sh;
			shellScript = "diff \"${PODS_PODFILE_DIR_PATH}/Podfile.lock\" \"${PODS_ROOT}/Manifest.lock\" > /dev/null\nif [ $? != 0 ] ; then\n    # print error to STDERR\n    echo \"error: The sandbox is not in sync with the Podfile.lock. Run 'pod install' or update your CocoaPods installation.\" >&2\n    exit 1\nfi\n# This output is used by Xcode 'outputs' to avoid re-running this script phase.\necho \"SUCCESS\" > \"${SCRIPT_OUTPUT_FILE_0}\"\n";
			showEnvVarsInLog = 0;
		};
/* End PBXShellScriptBuildPhase section */

/* Begin PBXSourcesBuildPhase section */
		C89033C720B6F02A0089DDD2 /* Sources */ = {
			isa = PBXSourcesBuildPhase;
			buildActionMask = 2147483647;
			files = (
				C89033D320B6F02B0089DDD2 /* SecondViewController.swift in Sources */,
				C89033CF20B6F02B0089DDD2 /* AppDelegate.swift in Sources */,
				EBA18B5D20C037CF004BEB95 /* ThirdViewController.swift in Sources */,
				EBA18BBB20C99F73004BEB95 /* UIImage+Gif.swift in Sources */,
				C89033D120B6F02B0089DDD2 /* FirstViewController.swift in Sources */,
				EBA18BC020C9D95F004BEB95 /* VideoController.swift in Sources */,
				C89033E520B9F50E0089DDD2 /* Extensions.swift in Sources */,
				EBA18BB920C985E0004BEB95 /* Question.swift in Sources */,
				EBA18BB720C9855C004BEB95 /* QuestionBank.swift in Sources */,
				EBA18BAB20C81652004BEB95 /* MapPinView.swift in Sources */,
			);
			runOnlyForDeploymentPostprocessing = 0;
		};
/* End PBXSourcesBuildPhase section */

/* Begin PBXVariantGroup section */
		C89033D420B6F02B0089DDD2 /* Main.storyboard */ = {
			isa = PBXVariantGroup;
			children = (
				C89033D520B6F02B0089DDD2 /* Base */,
			);
			name = Main.storyboard;
			sourceTree = "<group>";
		};
		C89033D920B6F0310089DDD2 /* LaunchScreen.storyboard */ = {
			isa = PBXVariantGroup;
			children = (
				C89033DA20B6F0310089DDD2 /* Base */,
			);
			name = LaunchScreen.storyboard;
			sourceTree = "<group>";
		};
/* End PBXVariantGroup section */

/* Begin XCBuildConfiguration section */
		C89033DD20B6F0310089DDD2 /* Debug */ = {
			isa = XCBuildConfiguration;
			buildSettings = {
				ALWAYS_SEARCH_USER_PATHS = NO;
				CLANG_ANALYZER_NONNULL = YES;
				CLANG_ANALYZER_NUMBER_OBJECT_CONVERSION = YES_AGGRESSIVE;
				CLANG_CXX_LANGUAGE_STANDARD = "gnu++14";
				CLANG_CXX_LIBRARY = "libc++";
				CLANG_ENABLE_MODULES = YES;
				CLANG_ENABLE_OBJC_ARC = YES;
				CLANG_ENABLE_OBJC_WEAK = YES;
				CLANG_WARN_BLOCK_CAPTURE_AUTORELEASING = YES;
				CLANG_WARN_BOOL_CONVERSION = YES;
				CLANG_WARN_COMMA = YES;
				CLANG_WARN_CONSTANT_CONVERSION = YES;
				CLANG_WARN_DEPRECATED_OBJC_IMPLEMENTATIONS = YES;
				CLANG_WARN_DIRECT_OBJC_ISA_USAGE = YES_ERROR;
				CLANG_WARN_DOCUMENTATION_COMMENTS = YES;
				CLANG_WARN_EMPTY_BODY = YES;
				CLANG_WARN_ENUM_CONVERSION = YES;
				CLANG_WARN_INFINITE_RECURSION = YES;
				CLANG_WARN_INT_CONVERSION = YES;
				CLANG_WARN_NON_LITERAL_NULL_CONVERSION = YES;
				CLANG_WARN_OBJC_IMPLICIT_RETAIN_SELF = YES;
				CLANG_WARN_OBJC_LITERAL_CONVERSION = YES;
				CLANG_WARN_OBJC_ROOT_CLASS = YES_ERROR;
				CLANG_WARN_RANGE_LOOP_ANALYSIS = YES;
				CLANG_WARN_STRICT_PROTOTYPES = YES;
				CLANG_WARN_SUSPICIOUS_MOVE = YES;
				CLANG_WARN_UNGUARDED_AVAILABILITY = YES_AGGRESSIVE;
				CLANG_WARN_UNREACHABLE_CODE = YES;
				CLANG_WARN__DUPLICATE_METHOD_MATCH = YES;
				CODE_SIGN_IDENTITY = "iPhone Developer";
				COPY_PHASE_STRIP = NO;
				DEBUG_INFORMATION_FORMAT = dwarf;
				ENABLE_STRICT_OBJC_MSGSEND = YES;
				ENABLE_TESTABILITY = YES;
				GCC_C_LANGUAGE_STANDARD = gnu11;
				GCC_DYNAMIC_NO_PIC = NO;
				GCC_NO_COMMON_BLOCKS = YES;
				GCC_OPTIMIZATION_LEVEL = 0;
				GCC_PREPROCESSOR_DEFINITIONS = (
					"DEBUG=1",
					"$(inherited)",
				);
				GCC_WARN_64_TO_32_BIT_CONVERSION = YES;
				GCC_WARN_ABOUT_RETURN_TYPE = YES_ERROR;
				GCC_WARN_UNDECLARED_SELECTOR = YES;
				GCC_WARN_UNINITIALIZED_AUTOS = YES_AGGRESSIVE;
				GCC_WARN_UNUSED_FUNCTION = YES;
				GCC_WARN_UNUSED_VARIABLE = YES;
				IPHONEOS_DEPLOYMENT_TARGET = 11.3;
				MTL_ENABLE_DEBUG_INFO = YES;
				ONLY_ACTIVE_ARCH = YES;
				SDKROOT = iphoneos;
				SWIFT_ACTIVE_COMPILATION_CONDITIONS = DEBUG;
				SWIFT_OPTIMIZATION_LEVEL = "-Onone";
			};
			name = Debug;
		};
		C89033DE20B6F0310089DDD2 /* Release */ = {
			isa = XCBuildConfiguration;
			buildSettings = {
				ALWAYS_SEARCH_USER_PATHS = NO;
				CLANG_ANALYZER_NONNULL = YES;
				CLANG_ANALYZER_NUMBER_OBJECT_CONVERSION = YES_AGGRESSIVE;
				CLANG_CXX_LANGUAGE_STANDARD = "gnu++14";
				CLANG_CXX_LIBRARY = "libc++";
				CLANG_ENABLE_MODULES = YES;
				CLANG_ENABLE_OBJC_ARC = YES;
				CLANG_ENABLE_OBJC_WEAK = YES;
				CLANG_WARN_BLOCK_CAPTURE_AUTORELEASING = YES;
				CLANG_WARN_BOOL_CONVERSION = YES;
				CLANG_WARN_COMMA = YES;
				CLANG_WARN_CONSTANT_CONVERSION = YES;
				CLANG_WARN_DEPRECATED_OBJC_IMPLEMENTATIONS = YES;
				CLANG_WARN_DIRECT_OBJC_ISA_USAGE = YES_ERROR;
				CLANG_WARN_DOCUMENTATION_COMMENTS = YES;
				CLANG_WARN_EMPTY_BODY = YES;
				CLANG_WARN_ENUM_CONVERSION = YES;
				CLANG_WARN_INFINITE_RECURSION = YES;
				CLANG_WARN_INT_CONVERSION = YES;
				CLANG_WARN_NON_LITERAL_NULL_CONVERSION = YES;
				CLANG_WARN_OBJC_IMPLICIT_RETAIN_SELF = YES;
				CLANG_WARN_OBJC_LITERAL_CONVERSION = YES;
				CLANG_WARN_OBJC_ROOT_CLASS = YES_ERROR;
				CLANG_WARN_RANGE_LOOP_ANALYSIS = YES;
				CLANG_WARN_STRICT_PROTOTYPES = YES;
				CLANG_WARN_SUSPICIOUS_MOVE = YES;
				CLANG_WARN_UNGUARDED_AVAILABILITY = YES_AGGRESSIVE;
				CLANG_WARN_UNREACHABLE_CODE = YES;
				CLANG_WARN__DUPLICATE_METHOD_MATCH = YES;
				CODE_SIGN_IDENTITY = "iPhone Developer";
				COPY_PHASE_STRIP = NO;
				DEBUG_INFORMATION_FORMAT = "dwarf-with-dsym";
				ENABLE_NS_ASSERTIONS = NO;
				ENABLE_STRICT_OBJC_MSGSEND = YES;
				GCC_C_LANGUAGE_STANDARD = gnu11;
				GCC_NO_COMMON_BLOCKS = YES;
				GCC_WARN_64_TO_32_BIT_CONVERSION = YES;
				GCC_WARN_ABOUT_RETURN_TYPE = YES_ERROR;
				GCC_WARN_UNDECLARED_SELECTOR = YES;
				GCC_WARN_UNINITIALIZED_AUTOS = YES_AGGRESSIVE;
				GCC_WARN_UNUSED_FUNCTION = YES;
				GCC_WARN_UNUSED_VARIABLE = YES;
				IPHONEOS_DEPLOYMENT_TARGET = 11.3;
				MTL_ENABLE_DEBUG_INFO = NO;
				SDKROOT = iphoneos;
				SWIFT_COMPILATION_MODE = wholemodule;
				SWIFT_OPTIMIZATION_LEVEL = "-O";
				VALIDATE_PRODUCT = YES;
			};
			name = Release;
		};
		C89033E020B6F0310089DDD2 /* Debug */ = {
			isa = XCBuildConfiguration;
			baseConfigurationReference = D62689CAB0B240B9B5975E71 /* Pods-Cristoforo Colombo.debug.xcconfig */;
			buildSettings = {
				ASSETCATALOG_COMPILER_APPICON_NAME = AppIcon;
				CLANG_ENABLE_MODULES = YES;
				CODE_SIGN_IDENTITY = "iPhone Developer";
				CODE_SIGN_STYLE = Automatic;
				DEVELOPMENT_TEAM = G99G8858YN;
				INFOPLIST_FILE = "Cristoforo Colombo/Info.plist";
				IPHONEOS_DEPLOYMENT_TARGET = 11.0;
				LD_RUNPATH_SEARCH_PATHS = (
					"$(inherited)",
					"@executable_path/Frameworks",
				);
				PRODUCT_BUNDLE_IDENTIFIER = com.cesaredecal;
				PRODUCT_NAME = "$(TARGET_NAME)";
				PROVISIONING_PROFILE_SPECIFIER = "";
				SWIFT_OBJC_BRIDGING_HEADER = "";
				SWIFT_OPTIMIZATION_LEVEL = "-Onone";
				SWIFT_VERSION = 4.0;
				TARGETED_DEVICE_FAMILY = "1,2";
			};
			name = Debug;
		};
		C89033E120B6F0310089DDD2 /* Release */ = {
			isa = XCBuildConfiguration;
			baseConfigurationReference = 799C6DA578463DDE23CDDB11 /* Pods-Cristoforo Colombo.release.xcconfig */;
			buildSettings = {
				ASSETCATALOG_COMPILER_APPICON_NAME = AppIcon;
				CLANG_ENABLE_MODULES = YES;
				CODE_SIGN_IDENTITY = "iPhone Developer";
				CODE_SIGN_STYLE = Automatic;
				DEVELOPMENT_TEAM = G99G8858YN;
				INFOPLIST_FILE = "Cristoforo Colombo/Info.plist";
				IPHONEOS_DEPLOYMENT_TARGET = 11.0;
				LD_RUNPATH_SEARCH_PATHS = (
					"$(inherited)",
					"@executable_path/Frameworks",
				);
				PRODUCT_BUNDLE_IDENTIFIER = com.cesaredecal;
				PRODUCT_NAME = "$(TARGET_NAME)";
				PROVISIONING_PROFILE_SPECIFIER = "";
				SWIFT_OBJC_BRIDGING_HEADER = "";
				SWIFT_VERSION = 4.0;
				TARGETED_DEVICE_FAMILY = "1,2";
			};
			name = Release;
		};
/* End XCBuildConfiguration section */

/* Begin XCConfigurationList section */
		C89033C620B6F02A0089DDD2 /* Build configuration list for PBXProject "Cristoforo Colombo" */ = {
			isa = XCConfigurationList;
			buildConfigurations = (
				C89033DD20B6F0310089DDD2 /* Debug */,
				C89033DE20B6F0310089DDD2 /* Release */,
			);
			defaultConfigurationIsVisible = 0;
			defaultConfigurationName = Release;
		};
		C89033DF20B6F0310089DDD2 /* Build configuration list for PBXNativeTarget "Cristoforo Colombo" */ = {
			isa = XCConfigurationList;
			buildConfigurations = (
				C89033E020B6F0310089DDD2 /* Debug */,
				C89033E120B6F0310089DDD2 /* Release */,
			);
			defaultConfigurationIsVisible = 0;
			defaultConfigurationName = Release;
		};
/* End XCConfigurationList section */
	};
	rootObject = C89033C320B6F02A0089DDD2 /* Project object */;
}
